
Microsoft Visual Studio Solution File, Format Version 12.00
# Visual Studio 15
VisualStudioVersion = 15.0.28010.0
MinimumVisualStudioVersion = 10.0.40219.1
Project("{9A19103F-16F7-4668-BE54-9A1E7A4F7556}") = "DotNet.Helpers", "DotNet.Helpers\DotNet.Helpers.csproj", "{38D35453-5C4D-4FBC-8E52-94B0F27AF26E}"
EndProject
Global
	GlobalSection(SolutionConfigurationPlatforms) = preSolution
		Debug|Any CPU = Debug|Any CPU
		Release|Any CPU = Release|Any CPU
	EndGlobalSection
	GlobalSection(ProjectConfigurationPlatforms) = postSolution
		{38D35453-5C4D-4FBC-8E52-94B0F27AF26E}.Debug|Any CPU.ActiveCfg = Debug|Any CPU
		{38D35453-5C4D-4FBC-8E52-94B0F27AF26E}.Debug|Any CPU.Build.0 = Debug|Any CPU
		{38D35453-5C4D-4FBC-8E52-94B0F27AF26E}.Release|Any CPU.ActiveCfg = Release|Any CPU
		{38D35453-5C4D-4FBC-8E52-94B0F27AF26E}.Release|Any CPU.Build.0 = Release|Any CPU
	EndGlobalSection
	GlobalSection(SolutionProperties) = preSolution
		HideSolutionNode = FALSE
	EndGlobalSection
	GlobalSection(ExtensibilityGlobals) = postSolution
		SolutionGuid = {9DEAD0AA-32E5-438A-B0D7-F03245A9301E}
	EndGlobalSection
EndGlobal
